
Microsoft Visual Studio Solution File, Format Version 12.00
# Visual Studio Version 16
VisualStudioVersion = 16.0.30114.105
MinimumVisualStudioVersion = 10.0.40219.1
Project("{9A19103F-16F7-4668-BE54-9A1E7A4F7556}") = "Fizzbuzz", "Fizzbuzz\Fizzbuzz.csproj", "{E227C5CA-C7A5-48C3-AB98-8784A3711823}"
EndProject
Project("{9A19103F-16F7-4668-BE54-9A1E7A4F7556}") = "Calculator", "Calculator\Calculator.csproj", "{795102AC-29E6-4F00-9565-590CF5C2F1E2}"
EndProject
Project("{9A19103F-16F7-4668-BE54-9A1E7A4F7556}") = "RomanNumeralsKata", "RomanNumeralsKata\RomanNumeralsKata.csproj", "{A49508C6-F6CD-41D5-AC8C-F8286349ABAD}"
EndProject
Project("{FAE04EC0-301F-11D3-BF4B-00C04F79EFBC}") = "XML", "XML\XML.csproj", "{54067565-C4C0-4342-B5A4-B0F9CCE9316F}"
EndProject
Project("{FAE04EC0-301F-11D3-BF4B-00C04F79EFBC}") = "JSON", "JSON\JSON.csproj", "{68D19B94-1E41-49CD-88B4-9472BE6862F9}"
EndProject
Project("{FAE04EC0-301F-11D3-BF4B-00C04F79EFBC}") = "ComboTests", "ComboTests\ComboTests.csproj", "{8304C8CA-DF8E-4D1E-90D0-EB0360B1843D}"
EndProject
Global
	GlobalSection(SolutionConfigurationPlatforms) = preSolution
		Debug|Any CPU = Debug|Any CPU
		Release|Any CPU = Release|Any CPU
	EndGlobalSection
	GlobalSection(ProjectConfigurationPlatforms) = postSolution
		{E227C5CA-C7A5-48C3-AB98-8784A3711823}.Debug|Any CPU.ActiveCfg = Debug|Any CPU
		{E227C5CA-C7A5-48C3-AB98-8784A3711823}.Debug|Any CPU.Build.0 = Debug|Any CPU
		{E227C5CA-C7A5-48C3-AB98-8784A3711823}.Release|Any CPU.ActiveCfg = Release|Any CPU
		{E227C5CA-C7A5-48C3-AB98-8784A3711823}.Release|Any CPU.Build.0 = Release|Any CPU
		{795102AC-29E6-4F00-9565-590CF5C2F1E2}.Debug|Any CPU.ActiveCfg = Debug|Any CPU
		{795102AC-29E6-4F00-9565-590CF5C2F1E2}.Debug|Any CPU.Build.0 = Debug|Any CPU
		{795102AC-29E6-4F00-9565-590CF5C2F1E2}.Release|Any CPU.ActiveCfg = Release|Any CPU
		{795102AC-29E6-4F00-9565-590CF5C2F1E2}.Release|Any CPU.Build.0 = Release|Any CPU
		{A49508C6-F6CD-41D5-AC8C-F8286349ABAD}.Debug|Any CPU.ActiveCfg = Debug|Any CPU
		{A49508C6-F6CD-41D5-AC8C-F8286349ABAD}.Debug|Any CPU.Build.0 = Debug|Any CPU
		{A49508C6-F6CD-41D5-AC8C-F8286349ABAD}.Release|Any CPU.ActiveCfg = Release|Any CPU
		{A49508C6-F6CD-41D5-AC8C-F8286349ABAD}.Release|Any CPU.Build.0 = Release|Any CPU
		{54067565-C4C0-4342-B5A4-B0F9CCE9316F}.Debug|Any CPU.ActiveCfg = Debug|Any CPU
		{54067565-C4C0-4342-B5A4-B0F9CCE9316F}.Debug|Any CPU.Build.0 = Debug|Any CPU
		{54067565-C4C0-4342-B5A4-B0F9CCE9316F}.Release|Any CPU.ActiveCfg = Release|Any CPU
		{54067565-C4C0-4342-B5A4-B0F9CCE9316F}.Release|Any CPU.Build.0 = Release|Any CPU
		{68D19B94-1E41-49CD-88B4-9472BE6862F9}.Debug|Any CPU.ActiveCfg = Debug|Any CPU
		{68D19B94-1E41-49CD-88B4-9472BE6862F9}.Debug|Any CPU.Build.0 = Debug|Any CPU
		{68D19B94-1E41-49CD-88B4-9472BE6862F9}.Release|Any CPU.ActiveCfg = Release|Any CPU
		{68D19B94-1E41-49CD-88B4-9472BE6862F9}.Release|Any CPU.Build.0 = Release|Any CPU
		{8304C8CA-DF8E-4D1E-90D0-EB0360B1843D}.Debug|Any CPU.ActiveCfg = Debug|Any CPU
		{8304C8CA-DF8E-4D1E-90D0-EB0360B1843D}.Debug|Any CPU.Build.0 = Debug|Any CPU
		{8304C8CA-DF8E-4D1E-90D0-EB0360B1843D}.Release|Any CPU.ActiveCfg = Release|Any CPU
		{8304C8CA-DF8E-4D1E-90D0-EB0360B1843D}.Release|Any CPU.Build.0 = Release|Any CPU
	EndGlobalSection
	GlobalSection(SolutionProperties) = preSolution
		HideSolutionNode = FALSE
	EndGlobalSection
	GlobalSection(ExtensibilityGlobals) = postSolution
		SolutionGuid = {6BF04017-D557-45A3-BD75-4B972F37F511}
	EndGlobalSection
EndGlobal
